
Microsoft Visual Studio Solution File, Format Version 12.00
# Visual Studio Version 16
VisualStudioVersion = 16.0.31702.278
MinimumVisualStudioVersion = 10.0.40219.1
Project("{888888A0-9F3D-457C-B088-3A5042F75D52}") = "PyGame_Clicker", "PyGameFastClicker\PyGame_Clicker.pyproj", "{B79445C9-F043-4666-824E-63F879E4DADF}"
EndProject
Global
	GlobalSection(SolutionConfigurationPlatforms) = preSolution
		Debug|Any CPU = Debug|Any CPU
		Release|Any CPU = Release|Any CPU
	EndGlobalSection
	GlobalSection(ProjectConfigurationPlatforms) = postSolution
		{B79445C9-F043-4666-824E-63F879E4DADF}.Debug|Any CPU.ActiveCfg = Debug|Any CPU
		{B79445C9-F043-4666-824E-63F879E4DADF}.Release|Any CPU.ActiveCfg = Release|Any CPU
	EndGlobalSection
	GlobalSection(SolutionProperties) = preSolution
		HideSolutionNode = FALSE
	EndGlobalSection
	GlobalSection(ExtensibilityGlobals) = postSolution
		SolutionGuid = {5F1287E6-A355-4A10-9C8F-20C165AE9077}
	EndGlobalSection
EndGlobal
